
Microsoft Visual Studio Solution File, Format Version 12.00
# Visual Studio Version 17
VisualStudioVersion = 17.10.35013.160
MinimumVisualStudioVersion = 10.0.40219.1
Project("{9A19103F-16F7-4668-BE54-9A1E7A4F7556}") = "core", "core.csproj", "{3A7012F4-FF6C-48B1-8739-A72E6E534CFE}"
EndProject
Project("{FAE04EC0-301F-11D3-BF4B-00C04F79EFBC}") = "core.domain", "..\core.domain\core.domain.csproj", "{8A3620AA-0367-4224-BAEF-0EF7124885C9}"
EndProject
Project("{FAE04EC0-301F-11D3-BF4B-00C04F79EFBC}") = "core.infrastructure", "..\core.infrastructure\core.infrastructure.csproj", "{D91969B4-7F5C-4806-85F1-6B79684DF080}"
EndProject
Global
	GlobalSection(SolutionConfigurationPlatforms) = preSolution
		Debug|Any CPU = Debug|Any CPU
		Release|Any CPU = Release|Any CPU
	EndGlobalSection
	GlobalSection(ProjectConfigurationPlatforms) = postSolution
		{3A7012F4-FF6C-48B1-8739-A72E6E534CFE}.Debug|Any CPU.ActiveCfg = Debug|Any CPU
		{3A7012F4-FF6C-48B1-8739-A72E6E534CFE}.Debug|Any CPU.Build.0 = Debug|Any CPU
		{3A7012F4-FF6C-48B1-8739-A72E6E534CFE}.Release|Any CPU.ActiveCfg = Release|Any CPU
		{3A7012F4-FF6C-48B1-8739-A72E6E534CFE}.Release|Any CPU.Build.0 = Release|Any CPU
		{8A3620AA-0367-4224-BAEF-0EF7124885C9}.Debug|Any CPU.ActiveCfg = Debug|Any CPU
		{8A3620AA-0367-4224-BAEF-0EF7124885C9}.Debug|Any CPU.Build.0 = Debug|Any CPU
		{8A3620AA-0367-4224-BAEF-0EF7124885C9}.Release|Any CPU.ActiveCfg = Release|Any CPU
		{8A3620AA-0367-4224-BAEF-0EF7124885C9}.Release|Any CPU.Build.0 = Release|Any CPU
		{D91969B4-7F5C-4806-85F1-6B79684DF080}.Debug|Any CPU.ActiveCfg = Debug|Any CPU
		{D91969B4-7F5C-4806-85F1-6B79684DF080}.Debug|Any CPU.Build.0 = Debug|Any CPU
		{D91969B4-7F5C-4806-85F1-6B79684DF080}.Release|Any CPU.ActiveCfg = Release|Any CPU
		{D91969B4-7F5C-4806-85F1-6B79684DF080}.Release|Any CPU.Build.0 = Release|Any CPU
	EndGlobalSection
	GlobalSection(SolutionProperties) = preSolution
		HideSolutionNode = FALSE
	EndGlobalSection
	GlobalSection(ExtensibilityGlobals) = postSolution
		SolutionGuid = {180926CD-A876-49CE-BD5F-53466DCA60F7}
	EndGlobalSection
EndGlobal
